
Microsoft Visual Studio Solution File, Format Version 12.00
# Visual Studio Version 16
VisualStudioVersion = 16.0.29926.136
MinimumVisualStudioVersion = 10.0.40219.1
Project("{FAE04EC0-301F-11D3-BF4B-00C04F79EFBC}") = "Program", "Program.csproj", "{D4691545-9E36-4A3F-9917-E74AAEC4433C}"
EndProject
Global
	GlobalSection(SolutionConfigurationPlatforms) = preSolution
		Debug|Any CPU = Debug|Any CPU
		Release|Any CPU = Release|Any CPU
	EndGlobalSection
	GlobalSection(ProjectConfigurationPlatforms) = postSolution
		{D4691545-9E36-4A3F-9917-E74AAEC4433C}.Debug|Any CPU.ActiveCfg = Debug|Any CPU
		{D4691545-9E36-4A3F-9917-E74AAEC4433C}.Debug|Any CPU.Build.0 = Debug|Any CPU
		{D4691545-9E36-4A3F-9917-E74AAEC4433C}.Release|Any CPU.ActiveCfg = Release|Any CPU
		{D4691545-9E36-4A3F-9917-E74AAEC4433C}.Release|Any CPU.Build.0 = Release|Any CPU
	EndGlobalSection
	GlobalSection(SolutionProperties) = preSolution
		HideSolutionNode = FALSE
	EndGlobalSection
	GlobalSection(ExtensibilityGlobals) = postSolution
		SolutionGuid = {12181CE7-B655-45F9-818E-93B554A4D9ED}
	EndGlobalSection
EndGlobal
